
Microsoft Visual Studio Solution File, Format Version 12.00
# Visual Studio Version 17
VisualStudioVersion = 17.1.32414.318
MinimumVisualStudioVersion = 10.0.40219.1
Project("{9A19103F-16F7-4668-BE54-9A1E7A4F7556}") = "BoardR", "BoardR\BoardR.csproj", "{2ACC3F19-B0CD-461B-AB45-3E22DC3C8FF2}"
EndProject
Project("{FAE04EC0-301F-11D3-BF4B-00C04F79EFBC}") = "BoardRTests", "BoardRTests\BoardRTests.csproj", "{6AB8B8E5-81C1-4B72-B474-B53758F298C7}"
EndProject
Global
	GlobalSection(SolutionConfigurationPlatforms) = preSolution
		Debug|Any CPU = Debug|Any CPU
		Release|Any CPU = Release|Any CPU
	EndGlobalSection
	GlobalSection(ProjectConfigurationPlatforms) = postSolution
		{2ACC3F19-B0CD-461B-AB45-3E22DC3C8FF2}.Debug|Any CPU.ActiveCfg = Debug|Any CPU
		{2ACC3F19-B0CD-461B-AB45-3E22DC3C8FF2}.Debug|Any CPU.Build.0 = Debug|Any CPU
		{2ACC3F19-B0CD-461B-AB45-3E22DC3C8FF2}.Release|Any CPU.ActiveCfg = Release|Any CPU
		{2ACC3F19-B0CD-461B-AB45-3E22DC3C8FF2}.Release|Any CPU.Build.0 = Release|Any CPU
		{6AB8B8E5-81C1-4B72-B474-B53758F298C7}.Debug|Any CPU.ActiveCfg = Debug|Any CPU
		{6AB8B8E5-81C1-4B72-B474-B53758F298C7}.Debug|Any CPU.Build.0 = Debug|Any CPU
		{6AB8B8E5-81C1-4B72-B474-B53758F298C7}.Release|Any CPU.ActiveCfg = Release|Any CPU
		{6AB8B8E5-81C1-4B72-B474-B53758F298C7}.Release|Any CPU.Build.0 = Release|Any CPU
	EndGlobalSection
	GlobalSection(SolutionProperties) = preSolution
		HideSolutionNode = FALSE
	EndGlobalSection
	GlobalSection(ExtensibilityGlobals) = postSolution
		SolutionGuid = {D813C72D-1AF0-4399-9D9B-9D7754AB438A}
	EndGlobalSection
EndGlobal
